
Microsoft Visual Studio Solution File, Format Version 12.00
# Visual Studio Version 16
VisualStudioVersion = 16.0.31702.278
MinimumVisualStudioVersion = 10.0.40219.1
Project("{2150E333-8FDC-42A3-9474-1A3956D46DE8}") = "Src", "Src", "{95A3A0BC-A39E-4B97-86C2-C1A9F21F793D}"
EndProject
Project("{2150E333-8FDC-42A3-9474-1A3956D46DE8}") = "Core", "Core", "{EC1589FD-64CB-4F3D-89BE-F88FF95E5460}"
EndProject
Project("{2150E333-8FDC-42A3-9474-1A3956D46DE8}") = "Infrastructure", "Infrastructure", "{2A262A30-0F62-4E03-938A-DA21C4823613}"
EndProject
Project("{2150E333-8FDC-42A3-9474-1A3956D46DE8}") = "Common", "Common", "{5DF3AC58-F76A-43F9-AD3B-4AE369351153}"
EndProject
Project("{2150E333-8FDC-42A3-9474-1A3956D46DE8}") = "Presentation", "Presentation", "{6A094B6F-B47A-42FE-B769-71C4210D779F}"
EndProject
Project("{9A19103F-16F7-4668-BE54-9A1E7A4F7556}") = "MyStore.Common", "MyStore.Common\MyStore.Common.csproj", "{0FA59ABB-7E2F-4662-A6D2-90E8502A6692}"
EndProject
Project("{9A19103F-16F7-4668-BE54-9A1E7A4F7556}") = "MyStore.Application", "MyStore.Application\MyStore.Application.csproj", "{191192AA-51FC-41E0-8ED5-9CAD3B4BF09B}"
EndProject
Project("{9A19103F-16F7-4668-BE54-9A1E7A4F7556}") = "MyStore.Persistence", "MyStore.Persistence\MyStore.Persistence.csproj", "{B1CC0807-A608-4CA1-A110-175CFEBE2ECA}"
EndProject
Project("{9A19103F-16F7-4668-BE54-9A1E7A4F7556}") = "MyStore.Infrastructure", "MyStore.Infrastructure\MyStore.Infrastructure.csproj", "{9058B9D5-B647-4ABB-8B4C-802383383AA7}"
EndProject
Project("{9A19103F-16F7-4668-BE54-9A1E7A4F7556}") = "MyStore.Domain", "MyStore.Domain\MyStore.Domain.csproj", "{912AE995-A3F6-4356-9E6A-4D5A3CD89F10}"
EndProject
Project("{9A19103F-16F7-4668-BE54-9A1E7A4F7556}") = "Endpoint.Site", "Endpoint.Site\Endpoint.Site.csproj", "{31F6B88E-2A29-47CC-9040-F1E97BA7EC99}"
EndProject
Project("{FAE04EC0-301F-11D3-BF4B-00C04F79EFBC}") = "TestApp", "TestApp\TestApp.csproj", "{791A02F1-68D2-45F8-B638-16A63C0CB1C2}"
EndProject
Global
	GlobalSection(SolutionConfigurationPlatforms) = preSolution
		Debug|Any CPU = Debug|Any CPU
		Release|Any CPU = Release|Any CPU
	EndGlobalSection
	GlobalSection(ProjectConfigurationPlatforms) = postSolution
		{0FA59ABB-7E2F-4662-A6D2-90E8502A6692}.Debug|Any CPU.ActiveCfg = Debug|Any CPU
		{0FA59ABB-7E2F-4662-A6D2-90E8502A6692}.Debug|Any CPU.Build.0 = Debug|Any CPU
		{0FA59ABB-7E2F-4662-A6D2-90E8502A6692}.Release|Any CPU.ActiveCfg = Release|Any CPU
		{0FA59ABB-7E2F-4662-A6D2-90E8502A6692}.Release|Any CPU.Build.0 = Release|Any CPU
		{191192AA-51FC-41E0-8ED5-9CAD3B4BF09B}.Debug|Any CPU.ActiveCfg = Debug|Any CPU
		{191192AA-51FC-41E0-8ED5-9CAD3B4BF09B}.Debug|Any CPU.Build.0 = Debug|Any CPU
		{191192AA-51FC-41E0-8ED5-9CAD3B4BF09B}.Release|Any CPU.ActiveCfg = Release|Any CPU
		{191192AA-51FC-41E0-8ED5-9CAD3B4BF09B}.Release|Any CPU.Build.0 = Release|Any CPU
		{B1CC0807-A608-4CA1-A110-175CFEBE2ECA}.Debug|Any CPU.ActiveCfg = Debug|Any CPU
		{B1CC0807-A608-4CA1-A110-175CFEBE2ECA}.Debug|Any CPU.Build.0 = Debug|Any CPU
		{B1CC0807-A608-4CA1-A110-175CFEBE2ECA}.Release|Any CPU.ActiveCfg = Release|Any CPU
		{B1CC0807-A608-4CA1-A110-175CFEBE2ECA}.Release|Any CPU.Build.0 = Release|Any CPU
		{9058B9D5-B647-4ABB-8B4C-802383383AA7}.Debug|Any CPU.ActiveCfg = Debug|Any CPU
		{9058B9D5-B647-4ABB-8B4C-802383383AA7}.Debug|Any CPU.Build.0 = Debug|Any CPU
		{9058B9D5-B647-4ABB-8B4C-802383383AA7}.Release|Any CPU.ActiveCfg = Release|Any CPU
		{9058B9D5-B647-4ABB-8B4C-802383383AA7}.Release|Any CPU.Build.0 = Release|Any CPU
		{912AE995-A3F6-4356-9E6A-4D5A3CD89F10}.Debug|Any CPU.ActiveCfg = Debug|Any CPU
		{912AE995-A3F6-4356-9E6A-4D5A3CD89F10}.Debug|Any CPU.Build.0 = Debug|Any CPU
		{912AE995-A3F6-4356-9E6A-4D5A3CD89F10}.Release|Any CPU.ActiveCfg = Release|Any CPU
		{912AE995-A3F6-4356-9E6A-4D5A3CD89F10}.Release|Any CPU.Build.0 = Release|Any CPU
		{31F6B88E-2A29-47CC-9040-F1E97BA7EC99}.Debug|Any CPU.ActiveCfg = Debug|Any CPU
		{31F6B88E-2A29-47CC-9040-F1E97BA7EC99}.Debug|Any CPU.Build.0 = Debug|Any CPU
		{31F6B88E-2A29-47CC-9040-F1E97BA7EC99}.Release|Any CPU.ActiveCfg = Release|Any CPU
		{31F6B88E-2A29-47CC-9040-F1E97BA7EC99}.Release|Any CPU.Build.0 = Release|Any CPU
		{791A02F1-68D2-45F8-B638-16A63C0CB1C2}.Debug|Any CPU.ActiveCfg = Debug|Any CPU
		{791A02F1-68D2-45F8-B638-16A63C0CB1C2}.Debug|Any CPU.Build.0 = Debug|Any CPU
		{791A02F1-68D2-45F8-B638-16A63C0CB1C2}.Release|Any CPU.ActiveCfg = Release|Any CPU
		{791A02F1-68D2-45F8-B638-16A63C0CB1C2}.Release|Any CPU.Build.0 = Release|Any CPU
	EndGlobalSection
	GlobalSection(SolutionProperties) = preSolution
		HideSolutionNode = FALSE
	EndGlobalSection
	GlobalSection(NestedProjects) = preSolution
		{EC1589FD-64CB-4F3D-89BE-F88FF95E5460} = {95A3A0BC-A39E-4B97-86C2-C1A9F21F793D}
		{2A262A30-0F62-4E03-938A-DA21C4823613} = {95A3A0BC-A39E-4B97-86C2-C1A9F21F793D}
		{5DF3AC58-F76A-43F9-AD3B-4AE369351153} = {95A3A0BC-A39E-4B97-86C2-C1A9F21F793D}
		{6A094B6F-B47A-42FE-B769-71C4210D779F} = {95A3A0BC-A39E-4B97-86C2-C1A9F21F793D}
		{0FA59ABB-7E2F-4662-A6D2-90E8502A6692} = {5DF3AC58-F76A-43F9-AD3B-4AE369351153}
		{191192AA-51FC-41E0-8ED5-9CAD3B4BF09B} = {EC1589FD-64CB-4F3D-89BE-F88FF95E5460}
		{B1CC0807-A608-4CA1-A110-175CFEBE2ECA} = {2A262A30-0F62-4E03-938A-DA21C4823613}
		{9058B9D5-B647-4ABB-8B4C-802383383AA7} = {2A262A30-0F62-4E03-938A-DA21C4823613}
		{912AE995-A3F6-4356-9E6A-4D5A3CD89F10} = {EC1589FD-64CB-4F3D-89BE-F88FF95E5460}
		{31F6B88E-2A29-47CC-9040-F1E97BA7EC99} = {6A094B6F-B47A-42FE-B769-71C4210D779F}
		{791A02F1-68D2-45F8-B638-16A63C0CB1C2} = {6A094B6F-B47A-42FE-B769-71C4210D779F}
	EndGlobalSection
	GlobalSection(ExtensibilityGlobals) = postSolution
		SolutionGuid = {17D4C590-1634-40C0-9738-38B970713031}
	EndGlobalSection
EndGlobal
